
Microsoft Visual Studio Solution File, Format Version 12.00
# Visual Studio Version 17
VisualStudioVersion = 17.3.32901.215
MinimumVisualStudioVersion = 10.0.40219.1
Project("{9A19103F-16F7-4668-BE54-9A1E7A4F7556}") = "HotelListing", "HotelListing.csproj", "{250730E6-9538-4D5B-BF71-2986FFE438DB}"
EndProject
Project("{FAE04EC0-301F-11D3-BF4B-00C04F79EFBC}") = "DataAccessLayer", "..\DataAccessLayer\DataAccessLayer.csproj", "{18F6DB2F-32E8-4D63-A8EE-EFB6F905EABF}"
EndProject
Global
	GlobalSection(SolutionConfigurationPlatforms) = preSolution
		Debug|Any CPU = Debug|Any CPU
		Release|Any CPU = Release|Any CPU
	EndGlobalSection
	GlobalSection(ProjectConfigurationPlatforms) = postSolution
		{250730E6-9538-4D5B-BF71-2986FFE438DB}.Debug|Any CPU.ActiveCfg = Debug|Any CPU
		{250730E6-9538-4D5B-BF71-2986FFE438DB}.Debug|Any CPU.Build.0 = Debug|Any CPU
		{250730E6-9538-4D5B-BF71-2986FFE438DB}.Release|Any CPU.ActiveCfg = Release|Any CPU
		{250730E6-9538-4D5B-BF71-2986FFE438DB}.Release|Any CPU.Build.0 = Release|Any CPU
		{18F6DB2F-32E8-4D63-A8EE-EFB6F905EABF}.Debug|Any CPU.ActiveCfg = Debug|Any CPU
		{18F6DB2F-32E8-4D63-A8EE-EFB6F905EABF}.Debug|Any CPU.Build.0 = Debug|Any CPU
		{18F6DB2F-32E8-4D63-A8EE-EFB6F905EABF}.Release|Any CPU.ActiveCfg = Release|Any CPU
		{18F6DB2F-32E8-4D63-A8EE-EFB6F905EABF}.Release|Any CPU.Build.0 = Release|Any CPU
	EndGlobalSection
	GlobalSection(SolutionProperties) = preSolution
		HideSolutionNode = FALSE
	EndGlobalSection
	GlobalSection(ExtensibilityGlobals) = postSolution
		SolutionGuid = {13E99B0D-5430-4953-B5F2-B251F1617843}
	EndGlobalSection
EndGlobal
